
Microsoft Visual Studio Solution File, Format Version 12.00
# Visual Studio 14
VisualStudioVersion = 14.0.25123.0
MinimumVisualStudioVersion = 10.0.40219.1
Project("{FAE04EC0-301F-11D3-BF4B-00C04F79EFBC}") = "AP_Sample", "AP_Sample\AP_Sample.csproj", "{1C3610FF-2C09-4139-8CEC-646309019E4C}"
EndProject
Project("{FAE04EC0-301F-11D3-BF4B-00C04F79EFBC}") = "AP_Site", "AP_Site\AP_Site.csproj", "{176D19B3-04B4-40DE-B316-4BE50277A88F}"
EndProject
Global
	GlobalSection(SolutionConfigurationPlatforms) = preSolution
		Debug|Any CPU = Debug|Any CPU
		Release|Any CPU = Release|Any CPU
	EndGlobalSection
	GlobalSection(ProjectConfigurationPlatforms) = postSolution
		{1C3610FF-2C09-4139-8CEC-646309019E4C}.Debug|Any CPU.ActiveCfg = Debug|Any CPU
		{1C3610FF-2C09-4139-8CEC-646309019E4C}.Debug|Any CPU.Build.0 = Debug|Any CPU
		{1C3610FF-2C09-4139-8CEC-646309019E4C}.Release|Any CPU.ActiveCfg = Release|Any CPU
		{1C3610FF-2C09-4139-8CEC-646309019E4C}.Release|Any CPU.Build.0 = Release|Any CPU
		{176D19B3-04B4-40DE-B316-4BE50277A88F}.Debug|Any CPU.ActiveCfg = Debug|Any CPU
		{176D19B3-04B4-40DE-B316-4BE50277A88F}.Debug|Any CPU.Build.0 = Debug|Any CPU
		{176D19B3-04B4-40DE-B316-4BE50277A88F}.Release|Any CPU.ActiveCfg = Release|Any CPU
		{176D19B3-04B4-40DE-B316-4BE50277A88F}.Release|Any CPU.Build.0 = Release|Any CPU
	EndGlobalSection
	GlobalSection(SolutionProperties) = preSolution
		HideSolutionNode = FALSE
	EndGlobalSection
EndGlobal
